// !$*UTF8*$!
{
	archiveVersion = 1;
	classes = {
	};
	objectVersion = 46;
	objects = {

/* Begin PBXBuildFile section */
		640671201675AD5000852E1D /* UIKit.framework in Frameworks */ = {isa = PBXBuildFile; fileRef = 6406711F1675AD5000852E1D /* UIKit.framework */; };
		640671221675AD5000852E1D /* Foundation.framework in Frameworks */ = {isa = PBXBuildFile; fileRef = 640671211675AD5000852E1D /* Foundation.framework */; };
		640671241675AD5000852E1D /* CoreGraphics.framework in Frameworks */ = {isa = PBXBuildFile; fileRef = 640671231675AD5000852E1D /* CoreGraphics.framework */; };
		6406712A1675AD5000852E1D /* InfoPlist.strings in Resources */ = {isa = PBXBuildFile; fileRef = 640671281675AD5000852E1D /* InfoPlist.strings */; };
		6406712C1675AD5000852E1D /* main.m in Sources */ = {isa = PBXBuildFile; fileRef = 6406712B1675AD5000852E1D /* main.m */; };
		640671301675AD5000852E1D /* AppDelegate.m in Sources */ = {isa = PBXBuildFile; fileRef = 6406712F1675AD5000852E1D /* AppDelegate.m */; };
		640671321675AD5000852E1D /* Default.png in Resources */ = {isa = PBXBuildFile; fileRef = 640671311675AD5000852E1D /* Default.png */; };
		640671341675AD5000852E1D /* Default@2x.png in Resources */ = {isa = PBXBuildFile; fileRef = 640671331675AD5000852E1D /* Default@2x.png */; };
		640671361675AD5000852E1D /* Default-568h@2x.png in Resources */ = {isa = PBXBuildFile; fileRef = 640671351675AD5000852E1D /* Default-568h@2x.png */; };
		640671391675AD5000852E1D /* ViewController.m in Sources */ = {isa = PBXBuildFile; fileRef = 640671381675AD5000852E1D /* ViewController.m */; };
		6406713C1675AD5000852E1D /* ViewController.xib in Resources */ = {isa = PBXBuildFile; fileRef = 6406713A1675AD5000852E1D /* ViewController.xib */; };
		6406714A1675AD6100852E1D /* 0.tiff in Resources */ = {isa = PBXBuildFile; fileRef = 640671421675AD6100852E1D /* 0.tiff */; };
		6406714B1675AD6100852E1D /* 1.tiff in Resources */ = {isa = PBXBuildFile; fileRef = 640671431675AD6100852E1D /* 1.tiff */; };
		6406714C1675AD6100852E1D /* 2.tiff in Resources */ = {isa = PBXBuildFile; fileRef = 640671441675AD6100852E1D /* 2.tiff */; };
		6406714D1675AD6100852E1D /* 3.tiff in Resources */ = {isa = PBXBuildFile; fileRef = 640671451675AD6100852E1D /* 3.tiff */; };
		6406714E1675AD6100852E1D /* 4.tiff in Resources */ = {isa = PBXBuildFile; fileRef = 640671461675AD6100852E1D /* 4.tiff */; };
		6406714F1675AD6100852E1D /* 5.tiff in Resources */ = {isa = PBXBuildFile; fileRef = 640671471675AD6100852E1D /* 5.tiff */; };
		640671501675AD6100852E1D /* 6.tiff in Resources */ = {isa = PBXBuildFile; fileRef = 640671481675AD6100852E1D /* 6.tiff */; };
		640671511675AD6100852E1D /* 7.tiff in Resources */ = {isa = PBXBuildFile; fileRef = 640671491675AD6100852E1D /* 7.tiff */; };
		640671541675AD8900852E1D /* UIPageFlowView.m in Sources */ = {isa = PBXBuildFile; fileRef = 640671531675AD8900852E1D /* UIPageFlowView.m */; };
/* End PBXBuildFile section */

/* Begin PBXFileReference section */
		6406711B1675AD5000852E1D /* PageScrollFlowDemo.app */ = {isa = PBXFileReference; explicitFileType = wrapper.application; includeInIndex = 0; path = PageScrollFlowDemo.app; sourceTree = BUILT_PRODUCTS_DIR; };
		6406711F1675AD5000852E1D /* UIKit.framework */ = {isa = PBXFileReference; lastKnownFileType = wrapper.framework; name = UIKit.framework; path = System/Library/Frameworks/UIKit.framework; sourceTree = SDKROOT; };
		640671211675AD5000852E1D /* Foundation.framework */ = {isa = PBXFileReference; lastKnownFileType = wrapper.framework; name = Foundation.framework; path = System/Library/Frameworks/Foundation.framework; sourceTree = SDKROOT; };
		640671231675AD5000852E1D /* CoreGraphics.framework */ = {isa = PBXFileReference; lastKnownFileType = wrapper.framework; name = CoreGraphics.framework; path = System/Library/Frameworks/CoreGraphics.framework; sourceTree = SDKROOT; };
		640671271675AD5000852E1D /* PageScrollFlowDemo-Info.plist */ = {isa = PBXFileReference; lastKnownFileType = text.plist.xml; path = "PageScrollFlowDemo-Info.plist"; sourceTree = "<group>"; };
		640671291675AD5000852E1D /* en */ = {isa = PBXFileReference; lastKnownFileType = text.plist.strings; name = en; path = en.lproj/InfoPlist.strings; sourceTree = "<group>"; };
		6406712B1675AD5000852E1D /* main.m */ = {isa = PBXFileReference; lastKnownFileType = sourcecode.c.objc; path = main.m; sourceTree = "<group>"; };
		6406712D1675AD5000852E1D /* PageScrollFlowDemo-Prefix.pch */ = {isa = PBXFileReference; lastKnownFileType = sourcecode.c.h; path = "PageScrollFlowDemo-Prefix.pch"; sourceTree = "<group>"; };
		6406712E1675AD5000852E1D /* AppDelegate.h */ = {isa = PBXFileReference; lastKnownFileType = sourcecode.c.h; path = AppDelegate.h; sourceTree = "<group>"; };
		6406712F1675AD5000852E1D /* AppDelegate.m */ = {isa = PBXFileReference; lastKnownFileType = sourcecode.c.objc; path = AppDelegate.m; sourceTree = "<group>"; };
		640671311675AD5000852E1D /* Default.png */ = {isa = PBXFileReference; lastKnownFileType = image.png; path = Default.png; sourceTree = "<group>"; };
		640671331675AD5000852E1D /* Default@2x.png */ = {isa = PBXFileReference; lastKnownFileType = image.png; path = "Default@2x.png"; sourceTree = "<group>"; };
		640671351675AD5000852E1D /* Default-568h@2x.png */ = {isa = PBXFileReference; lastKnownFileType = image.png; path = "Default-568h@2x.png"; sourceTree = "<group>"; };
		640671371675AD5000852E1D /* ViewController.h */ = {isa = PBXFileReference; lastKnownFileType = sourcecode.c.h; path = ViewController.h; sourceTree = "<group>"; };
		640671381675AD5000852E1D /* ViewController.m */ = {isa = PBXFileReference; lastKnownFileType = sourcecode.c.objc; path = ViewController.m; sourceTree = "<group>"; };
		6406713B1675AD5000852E1D /* en */ = {isa = PBXFileReference; lastKnownFileType = file.xib; name = en; path = en.lproj/ViewController.xib; sourceTree = "<group>"; };
		640671421675AD6100852E1D /* 0.tiff */ = {isa = PBXFileReference; lastKnownFileType = image.tiff; path = 0.tiff; sourceTree = "<group>"; };
		640671431675AD6100852E1D /* 1.tiff */ = {isa = PBXFileReference; lastKnownFileType = image.tiff; path = 1.tiff; sourceTree = "<group>"; };
		640671441675AD6100852E1D /* 2.tiff */ = {isa = PBXFileReference; lastKnownFileType = image.tiff; path = 2.tiff; sourceTree = "<group>"; };
		640671451675AD6100852E1D /* 3.tiff */ = {isa = PBXFileReference; lastKnownFileType = image.tiff; path = 3.tiff; sourceTree = "<group>"; };
		640671461675AD6100852E1D /* 4.tiff */ = {isa = PBXFileReference; lastKnownFileType = image.tiff; path = 4.tiff; sourceTree = "<group>"; };
		640671471675AD6100852E1D /* 5.tiff */ = {isa = PBXFileReference; lastKnownFileType = image.tiff; path = 5.tiff; sourceTree = "<group>"; };
		640671481675AD6100852E1D /* 6.tiff */ = {isa = PBXFileReference; lastKnownFileType = image.tiff; path = 6.tiff; sourceTree = "<group>"; };
		640671491675AD6100852E1D /* 7.tiff */ = {isa = PBXFileReference; lastKnownFileType = image.tiff; path = 7.tiff; sourceTree = "<group>"; };
		640671521675AD8900852E1D /* UIPageFlowView.h */ = {isa = PBXFileReference; fileEncoding = 4; lastKnownFileType = sourcecode.c.h; path = UIPageFlowView.h; sourceTree = "<group>"; };
		640671531675AD8900852E1D /* UIPageFlowView.m */ = {isa = PBXFileReference; fileEncoding = 4; lastKnownFileType = sourcecode.c.objc; path = UIPageFlowView.m; sourceTree = "<group>"; };
/* End PBXFileReference section */

/* Begin PBXFrameworksBuildPhase section */
		640671181675AD5000852E1D /* Frameworks */ = {
			isa = PBXFrameworksBuildPhase;
			buildActionMask = 2147483647;
			files = (
				640671201675AD5000852E1D /* UIKit.framework in Frameworks */,
				640671221675AD5000852E1D /* Foundation.framework in Frameworks */,
				640671241675AD5000852E1D /* CoreGraphics.framework in Frameworks */,
			);
			runOnlyForDeploymentPostprocessing = 0;
		};
/* End PBXFrameworksBuildPhase section */

/* Begin PBXGroup section */
		640671101675AD5000852E1D = {
			isa = PBXGroup;
			children = (
				640671251675AD5000852E1D /* PageScrollFlowDemo */,
				6406711E1675AD5000852E1D /* Frameworks */,
				6406711C1675AD5000852E1D /* Products */,
			);
			sourceTree = "<group>";
		};
		6406711C1675AD5000852E1D /* Products */ = {
			isa = PBXGroup;
			children = (
				6406711B1675AD5000852E1D /* PageScrollFlowDemo.app */,
			);
			name = Products;
			sourceTree = "<group>";
		};
		6406711E1675AD5000852E1D /* Frameworks */ = {
			isa = PBXGroup;
			children = (
				6406711F1675AD5000852E1D /* UIKit.framework */,
				640671211675AD5000852E1D /* Foundation.framework */,
				640671231675AD5000852E1D /* CoreGraphics.framework */,
			);
			name = Frameworks;
			sourceTree = "<group>";
		};
		640671251675AD5000852E1D /* PageScrollFlowDemo */ = {
			isa = PBXGroup;
			children = (
				6406712E1675AD5000852E1D /* AppDelegate.h */,
				6406712F1675AD5000852E1D /* AppDelegate.m */,
				640671371675AD5000852E1D /* ViewController.h */,
				640671381675AD5000852E1D /* ViewController.m */,
				640671521675AD8900852E1D /* UIPageFlowView.h */,
				640671531675AD8900852E1D /* UIPageFlowView.m */,
				6406713A1675AD5000852E1D /* ViewController.xib */,
				640671421675AD6100852E1D /* 0.tiff */,
				640671431675AD6100852E1D /* 1.tiff */,
				640671441675AD6100852E1D /* 2.tiff */,
				640671451675AD6100852E1D /* 3.tiff */,
				640671461675AD6100852E1D /* 4.tiff */,
				640671471675AD6100852E1D /* 5.tiff */,
				640671481675AD6100852E1D /* 6.tiff */,
				640671491675AD6100852E1D /* 7.tiff */,
				640671261675AD5000852E1D /* Supporting Files */,
			);
			path = PageScrollFlowDemo;
			sourceTree = "<group>";
		};
		640671261675AD5000852E1D /* Supporting Files */ = {
			isa = PBXGroup;
			children = (
				640671271675AD5000852E1D /* PageScrollFlowDemo-Info.plist */,
				640671281675AD5000852E1D /* InfoPlist.strings */,
				6406712B1675AD5000852E1D /* main.m */,
				6406712D1675AD5000852E1D /* PageScrollFlowDemo-Prefix.pch */,
				640671311675AD5000852E1D /* Default.png */,
				640671331675AD5000852E1D /* Default@2x.png */,
				640671351675AD5000852E1D /* Default-568h@2x.png */,
			);
			name = "Supporting Files";
			sourceTree = "<group>";
		};
/* End PBXGroup section */

/* Begin PBXNativeTarget section */
		6406711A1675AD5000852E1D /* PageScrollFlowDemo */ = {
			isa = PBXNativeTarget;
			buildConfigurationList = 6406713F1675AD5000852E1D /* Build configuration list for PBXNativeTarget "PageScrollFlowDemo" */;
			buildPhases = (
				640671171675AD5000852E1D /* Sources */,
				640671181675AD5000852E1D /* Frameworks */,
				640671191675AD5000852E1D /* Resources */,
			);
			buildRules = (
			);
			dependencies = (
			);
			name = PageScrollFlowDemo;
			productName = PageScrollFlowDemo;
			productReference = 6406711B1675AD5000852E1D /* PageScrollFlowDemo.app */;
			productType = "com.apple.product-type.application";
		};
/* End PBXNativeTarget section */

/* Begin PBXProject section */
		640671121675AD5000852E1D /* Project object */ = {
			isa = PBXProject;
			attributes = {
				LastUpgradeCheck = 0450;
				ORGANIZATIONNAME = NicoFun;
			};
			buildConfigurationList = 640671151675AD5000852E1D /* Build configuration list for PBXProject "PageScrollFlowDemo" */;
			compatibilityVersion = "Xcode 3.2";
			developmentRegion = English;
			hasScannedForEncodings = 0;
			knownRegions = (
				en,
			);
			mainGroup = 640671101675AD5000852E1D;
			productRefGroup = 6406711C1675AD5000852E1D /* Products */;
			projectDirPath = "";
			projectRoot = "";
			targets = (
				6406711A1675AD5000852E1D /* PageScrollFlowDemo */,
			);
		};
/* End PBXProject section */

/* Begin PBXResourcesBuildPhase section */
		640671191675AD5000852E1D /* Resources */ = {
			isa = PBXResourcesBuildPhase;
			buildActionMask = 2147483647;
			files = (
				6406712A1675AD5000852E1D /* InfoPlist.strings in Resources */,
				640671321675AD5000852E1D /* Default.png in Resources */,
				640671341675AD5000852E1D /* Default@2x.png in Resources */,
				640671361675AD5000852E1D /* Default-568h@2x.png in Resources */,
				6406713C1675AD5000852E1D /* ViewController.xib in Resources */,
				6406714A1675AD6100852E1D /* 0.tiff in Resources */,
				6406714B1675AD6100852E1D /* 1.tiff in Resources */,
				6406714C1675AD6100852E1D /* 2.tiff in Resources */,
				6406714D1675AD6100852E1D /* 3.tiff in Resources */,
				6406714E1675AD6100852E1D /* 4.tiff in Resources */,
				6406714F1675AD6100852E1D /* 5.tiff in Resources */,
				640671501675AD6100852E1D /* 6.tiff in Resources */,
				640671511675AD6100852E1D /* 7.tiff in Resources */,
			);
			runOnlyForDeploymentPostprocessing = 0;
		};
/* End PBXResourcesBuildPhase section */

/* Begin PBXSourcesBuildPhase section */
		640671171675AD5000852E1D /* Sources */ = {
			isa = PBXSourcesBuildPhase;
			buildActionMask = 2147483647;
			files = (
				6406712C1675AD5000852E1D /* main.m in Sources */,
				640671301675AD5000852E1D /* AppDelegate.m in Sources */,
				640671391675AD5000852E1D /* ViewController.m in Sources */,
				640671541675AD8900852E1D /* UIPageFlowView.m in Sources */,
			);
			runOnlyForDeploymentPostprocessing = 0;
		};
/* End PBXSourcesBuildPhase section */

/* Begin PBXVariantGroup section */
		640671281675AD5000852E1D /* InfoPlist.strings */ = {
			isa = PBXVariantGroup;
			children = (
				640671291675AD5000852E1D /* en */,
			);
			name = InfoPlist.strings;
			sourceTree = "<group>";
		};
		6406713A1675AD5000852E1D /* ViewController.xib */ = {
			isa = PBXVariantGroup;
			children = (
				6406713B1675AD5000852E1D /* en */,
			);
			name = ViewController.xib;
			sourceTree = "<group>";
		};
/* End PBXVariantGroup section */

/* Begin XCBuildConfiguration section */
		6406713D1675AD5000852E1D /* Debug */ = {
			isa = XCBuildConfiguration;
			buildSettings = {
				ALWAYS_SEARCH_USER_PATHS = NO;
				CLANG_CXX_LANGUAGE_STANDARD = "gnu++0x";
				CLANG_CXX_LIBRARY = "libc++";
				CLANG_WARN_EMPTY_BODY = YES;
				CLANG_WARN__DUPLICATE_METHOD_MATCH = YES;
				"CODE_SIGN_IDENTITY[sdk=iphoneos*]" = "iPhone Developer";
				COPY_PHASE_STRIP = NO;
				GCC_C_LANGUAGE_STANDARD = gnu99;
				GCC_DYNAMIC_NO_PIC = NO;
				GCC_OPTIMIZATION_LEVEL = 0;
				GCC_PREPROCESSOR_DEFINITIONS = (
					"DEBUG=1",
					"$(inherited)",
				);
				GCC_SYMBOLS_PRIVATE_EXTERN = NO;
				GCC_WARN_ABOUT_RETURN_TYPE = YES;
				GCC_WARN_UNINITIALIZED_AUTOS = YES;
				GCC_WARN_UNUSED_VARIABLE = YES;
				IPHONEOS_DEPLOYMENT_TARGET = 6.0;
				SDKROOT = iphoneos;
			};
			name = Debug;
		};
		6406713E1675AD5000852E1D /* Release */ = {
			isa = XCBuildConfiguration;
			buildSettings = {
				ALWAYS_SEARCH_USER_PATHS = NO;
				CLANG_CXX_LANGUAGE_STANDARD = "gnu++0x";
				CLANG_CXX_LIBRARY = "libc++";
				CLANG_WARN_EMPTY_BODY = YES;
				CLANG_WARN__DUPLICATE_METHOD_MATCH = YES;
				"CODE_SIGN_IDENTITY[sdk=iphoneos*]" = "iPhone Developer";
				COPY_PHASE_STRIP = YES;
				GCC_C_LANGUAGE_STANDARD = gnu99;
				GCC_WARN_ABOUT_RETURN_TYPE = YES;
				GCC_WARN_UNINITIALIZED_AUTOS = YES;
				GCC_WARN_UNUSED_VARIABLE = YES;
				IPHONEOS_DEPLOYMENT_TARGET = 6.0;
				OTHER_CFLAGS = "-DNS_BLOCK_ASSERTIONS=1";
				SDKROOT = iphoneos;
				VALIDATE_PRODUCT = YES;
			};
			name = Release;
		};
		640671401675AD5000852E1D /* Debug */ = {
			isa = XCBuildConfiguration;
			buildSettings = {
				GCC_PRECOMPILE_PREFIX_HEADER = YES;
				GCC_PREFIX_HEADER = "PageScrollFlowDemo/PageScrollFlowDemo-Prefix.pch";
				INFOPLIST_FILE = "PageScrollFlowDemo/PageScrollFlowDemo-Info.plist";
				PRODUCT_NAME = "$(TARGET_NAME)";
				WRAPPER_EXTENSION = app;
			};
			name = Debug;
		};
		640671411675AD5000852E1D /* Release */ = {
			isa = XCBuildConfiguration;
			buildSettings = {
				GCC_PRECOMPILE_PREFIX_HEADER = YES;
				GCC_PREFIX_HEADER = "PageScrollFlowDemo/PageScrollFlowDemo-Prefix.pch";
				INFOPLIST_FILE = "PageScrollFlowDemo/PageScrollFlowDemo-Info.plist";
				PRODUCT_NAME = "$(TARGET_NAME)";
				WRAPPER_EXTENSION = app;
			};
			name = Release;
		};
/* End XCBuildConfiguration section */

/* Begin XCConfigurationList section */
		640671151675AD5000852E1D /* Build configuration list for PBXProject "PageScrollFlowDemo" */ = {
			isa = XCConfigurationList;
			buildConfigurations = (
				6406713D1675AD5000852E1D /* Debug */,
				6406713E1675AD5000852E1D /* Release */,
			);
			defaultConfigurationIsVisible = 0;
			defaultConfigurationName = Release;
		};
		6406713F1675AD5000852E1D /* Build configuration list for PBXNativeTarget "PageScrollFlowDemo" */ = {
			isa = XCConfigurationList;
			buildConfigurations = (
				640671401675AD5000852E1D /* Debug */,
				640671411675AD5000852E1D /* Release */,
			);
			defaultConfigurationIsVisible = 0;
		};
/* End XCConfigurationList section */
	};
	rootObject = 640671121675AD5000852E1D /* Project object */;
}
